
Microsoft Visual Studio Solution File, Format Version 12.00
# Visual Studio Version 17
VisualStudioVersion = 17.5.33424.131
MinimumVisualStudioVersion = 10.0.40219.1
Project("{2150E333-8FDC-42A3-9474-1A3956D46DE8}") = "Presentacion", "Presentacion", "{A4363260-4F84-47F7-A2B1-15CCD3A1CF3F}"
EndProject
Project("{9A19103F-16F7-4668-BE54-9A1E7A4F7556}") = "WebApp", "WebApp\WebApp.csproj", "{17C1A59E-5953-4422-997B-F7C77683C756}"
EndProject
Project("{2150E333-8FDC-42A3-9474-1A3956D46DE8}") = "Aplicacion", "Aplicacion", "{88A94930-B7DE-4DD7-BE70-F1B0CA266206}"
EndProject
Project("{9A19103F-16F7-4668-BE54-9A1E7A4F7556}") = "CMS.Aplicacion", "CMS.Aplicacion\CMS.Aplicacion.csproj", "{D3D48012-8B2A-42E1-ABC9-3689F5142CD0}"
EndProject
Project("{2150E333-8FDC-42A3-9474-1A3956D46DE8}") = "Infraestructura", "Infraestructura", "{707A7286-5422-4657-AA95-E252AEF9C64D}"
EndProject
Project("{9A19103F-16F7-4668-BE54-9A1E7A4F7556}") = "CMS.Infraestructura", "CMS.Infraestructura\CMS.Infraestructura.csproj", "{9D63375D-EE4D-4CDC-B058-19282BAB73BA}"
EndProject
Project("{2150E333-8FDC-42A3-9474-1A3956D46DE8}") = "Dominio", "Dominio", "{234E2381-7BCE-4DBC-98DD-FE82D4301A3B}"
EndProject
Project("{9A19103F-16F7-4668-BE54-9A1E7A4F7556}") = "CMS.Dominio", "CMS.Dominio\CMS.Dominio.csproj", "{779C04FB-266A-45C2-A395-9E9B9910CAA7}"
EndProject
Project("{FAE04EC0-301F-11D3-BF4B-00C04F79EFBC}") = "Site", "Site\Site.csproj", "{0418C5A4-4B01-4F7F-8627-0AB37E8DE737}"
EndProject
Global
	GlobalSection(SolutionConfigurationPlatforms) = preSolution
		Debug|Any CPU = Debug|Any CPU
		Release|Any CPU = Release|Any CPU
	EndGlobalSection
	GlobalSection(ProjectConfigurationPlatforms) = postSolution
		{17C1A59E-5953-4422-997B-F7C77683C756}.Debug|Any CPU.ActiveCfg = Debug|Any CPU
		{17C1A59E-5953-4422-997B-F7C77683C756}.Debug|Any CPU.Build.0 = Debug|Any CPU
		{17C1A59E-5953-4422-997B-F7C77683C756}.Release|Any CPU.ActiveCfg = Release|Any CPU
		{17C1A59E-5953-4422-997B-F7C77683C756}.Release|Any CPU.Build.0 = Release|Any CPU
		{D3D48012-8B2A-42E1-ABC9-3689F5142CD0}.Debug|Any CPU.ActiveCfg = Debug|Any CPU
		{D3D48012-8B2A-42E1-ABC9-3689F5142CD0}.Debug|Any CPU.Build.0 = Debug|Any CPU
		{D3D48012-8B2A-42E1-ABC9-3689F5142CD0}.Release|Any CPU.ActiveCfg = Release|Any CPU
		{D3D48012-8B2A-42E1-ABC9-3689F5142CD0}.Release|Any CPU.Build.0 = Release|Any CPU
		{9D63375D-EE4D-4CDC-B058-19282BAB73BA}.Debug|Any CPU.ActiveCfg = Debug|Any CPU
		{9D63375D-EE4D-4CDC-B058-19282BAB73BA}.Debug|Any CPU.Build.0 = Debug|Any CPU
		{9D63375D-EE4D-4CDC-B058-19282BAB73BA}.Release|Any CPU.ActiveCfg = Release|Any CPU
		{9D63375D-EE4D-4CDC-B058-19282BAB73BA}.Release|Any CPU.Build.0 = Release|Any CPU
		{779C04FB-266A-45C2-A395-9E9B9910CAA7}.Debug|Any CPU.ActiveCfg = Debug|Any CPU
		{779C04FB-266A-45C2-A395-9E9B9910CAA7}.Debug|Any CPU.Build.0 = Debug|Any CPU
		{779C04FB-266A-45C2-A395-9E9B9910CAA7}.Release|Any CPU.ActiveCfg = Release|Any CPU
		{779C04FB-266A-45C2-A395-9E9B9910CAA7}.Release|Any CPU.Build.0 = Release|Any CPU
		{0418C5A4-4B01-4F7F-8627-0AB37E8DE737}.Debug|Any CPU.ActiveCfg = Debug|Any CPU
		{0418C5A4-4B01-4F7F-8627-0AB37E8DE737}.Debug|Any CPU.Build.0 = Debug|Any CPU
		{0418C5A4-4B01-4F7F-8627-0AB37E8DE737}.Release|Any CPU.ActiveCfg = Release|Any CPU
		{0418C5A4-4B01-4F7F-8627-0AB37E8DE737}.Release|Any CPU.Build.0 = Release|Any CPU
	EndGlobalSection
	GlobalSection(SolutionProperties) = preSolution
		HideSolutionNode = FALSE
	EndGlobalSection
	GlobalSection(NestedProjects) = preSolution
		{17C1A59E-5953-4422-997B-F7C77683C756} = {A4363260-4F84-47F7-A2B1-15CCD3A1CF3F}
		{D3D48012-8B2A-42E1-ABC9-3689F5142CD0} = {88A94930-B7DE-4DD7-BE70-F1B0CA266206}
		{9D63375D-EE4D-4CDC-B058-19282BAB73BA} = {707A7286-5422-4657-AA95-E252AEF9C64D}
		{779C04FB-266A-45C2-A395-9E9B9910CAA7} = {234E2381-7BCE-4DBC-98DD-FE82D4301A3B}
		{0418C5A4-4B01-4F7F-8627-0AB37E8DE737} = {A4363260-4F84-47F7-A2B1-15CCD3A1CF3F}
	EndGlobalSection
	GlobalSection(ExtensibilityGlobals) = postSolution
		SolutionGuid = {F9E416A1-F80A-4136-999D-4A7030BA97E2}
	EndGlobalSection
EndGlobal
