
Microsoft Visual Studio Solution File, Format Version 12.00
# Visual Studio Version 17
VisualStudioVersion = 17.2.32519.379
MinimumVisualStudioVersion = 10.0.40219.1
Project("{FAE04EC0-301F-11D3-BF4B-00C04F79EFBC}") = "WebAPIObject", "WebAPIObject\WebAPIObject.csproj", "{7F12C9D6-25FD-4442-9271-18D8B4EF785D}"
EndProject
Global
	GlobalSection(SolutionConfigurationPlatforms) = preSolution
		Debug|Any CPU = Debug|Any CPU
		Release|Any CPU = Release|Any CPU
	EndGlobalSection
	GlobalSection(ProjectConfigurationPlatforms) = postSolution
		{7F12C9D6-25FD-4442-9271-18D8B4EF785D}.Debug|Any CPU.ActiveCfg = Debug|Any CPU
		{7F12C9D6-25FD-4442-9271-18D8B4EF785D}.Debug|Any CPU.Build.0 = Debug|Any CPU
		{7F12C9D6-25FD-4442-9271-18D8B4EF785D}.Release|Any CPU.ActiveCfg = Release|Any CPU
		{7F12C9D6-25FD-4442-9271-18D8B4EF785D}.Release|Any CPU.Build.0 = Release|Any CPU
	EndGlobalSection
	GlobalSection(SolutionProperties) = preSolution
		HideSolutionNode = FALSE
	EndGlobalSection
	GlobalSection(ExtensibilityGlobals) = postSolution
		SolutionGuid = {742695CF-44A6-4425-8EB5-CAF561D1851F}
	EndGlobalSection
EndGlobal
