
Microsoft Visual Studio Solution File, Format Version 12.00
# Visual Studio Version 17
VisualStudioVersion = 17.8.34309.116
MinimumVisualStudioVersion = 10.0.40219.1
Project("{9A19103F-16F7-4668-BE54-9A1E7A4F7556}") = "CyanCMS.Application", "CyanCMS.Application\CyanCMS.Application.csproj", "{06A99E84-7565-4A59-9EA9-C93B4D9F3CE8}"
EndProject
Project("{9A19103F-16F7-4668-BE54-9A1E7A4F7556}") = "CyanCMS.Domain", "CyanCMS.Domain\CyanCMS.Domain.csproj", "{A0207268-4235-4FA8-8515-F7EE3F54F6CE}"
EndProject
Project("{9A19103F-16F7-4668-BE54-9A1E7A4F7556}") = "CyanCMS.Infraestructure", "CyanCMS.Infraestructure\CyanCMS.Infraestructure.csproj", "{86B6B990-6428-4961-9D66-2398DD23230A}"
EndProject
Project("{9A19103F-16F7-4668-BE54-9A1E7A4F7556}") = "CyanCMS.Utils", "CyanCMS.Utils\CyanCMS.Utils.csproj", "{8897908D-6342-43B8-A0BC-F3BEF58AF75E}"
EndProject
Project("{9A19103F-16F7-4668-BE54-9A1E7A4F7556}") = "CyanCMS.WebPlatform", "CyanCMS.WebPlatform\CyanCMS.WebPlatform.csproj", "{DD8B7DCF-FA5C-40F4-B916-597EFA71F1D6}"
EndProject
Project("{FAE04EC0-301F-11D3-BF4B-00C04F79EFBC}") = "CyanCMS.WebAPI", "CyanCMS.WebAPI\CyanCMS.WebAPI.csproj", "{296C138F-B7B1-48DC-9EF6-58D20C340AAB}"
EndProject
Global
	GlobalSection(SolutionConfigurationPlatforms) = preSolution
		Debug|Any CPU = Debug|Any CPU
		Release|Any CPU = Release|Any CPU
	EndGlobalSection
	GlobalSection(ProjectConfigurationPlatforms) = postSolution
		{06A99E84-7565-4A59-9EA9-C93B4D9F3CE8}.Debug|Any CPU.ActiveCfg = Debug|Any CPU
		{06A99E84-7565-4A59-9EA9-C93B4D9F3CE8}.Debug|Any CPU.Build.0 = Debug|Any CPU
		{06A99E84-7565-4A59-9EA9-C93B4D9F3CE8}.Release|Any CPU.ActiveCfg = Release|Any CPU
		{06A99E84-7565-4A59-9EA9-C93B4D9F3CE8}.Release|Any CPU.Build.0 = Release|Any CPU
		{A0207268-4235-4FA8-8515-F7EE3F54F6CE}.Debug|Any CPU.ActiveCfg = Debug|Any CPU
		{A0207268-4235-4FA8-8515-F7EE3F54F6CE}.Debug|Any CPU.Build.0 = Debug|Any CPU
		{A0207268-4235-4FA8-8515-F7EE3F54F6CE}.Release|Any CPU.ActiveCfg = Release|Any CPU
		{A0207268-4235-4FA8-8515-F7EE3F54F6CE}.Release|Any CPU.Build.0 = Release|Any CPU
		{86B6B990-6428-4961-9D66-2398DD23230A}.Debug|Any CPU.ActiveCfg = Debug|Any CPU
		{86B6B990-6428-4961-9D66-2398DD23230A}.Debug|Any CPU.Build.0 = Debug|Any CPU
		{86B6B990-6428-4961-9D66-2398DD23230A}.Release|Any CPU.ActiveCfg = Release|Any CPU
		{86B6B990-6428-4961-9D66-2398DD23230A}.Release|Any CPU.Build.0 = Release|Any CPU
		{8897908D-6342-43B8-A0BC-F3BEF58AF75E}.Debug|Any CPU.ActiveCfg = Debug|Any CPU
		{8897908D-6342-43B8-A0BC-F3BEF58AF75E}.Debug|Any CPU.Build.0 = Debug|Any CPU
		{8897908D-6342-43B8-A0BC-F3BEF58AF75E}.Release|Any CPU.ActiveCfg = Release|Any CPU
		{8897908D-6342-43B8-A0BC-F3BEF58AF75E}.Release|Any CPU.Build.0 = Release|Any CPU
		{DD8B7DCF-FA5C-40F4-B916-597EFA71F1D6}.Debug|Any CPU.ActiveCfg = Debug|Any CPU
		{DD8B7DCF-FA5C-40F4-B916-597EFA71F1D6}.Debug|Any CPU.Build.0 = Debug|Any CPU
		{DD8B7DCF-FA5C-40F4-B916-597EFA71F1D6}.Release|Any CPU.ActiveCfg = Release|Any CPU
		{DD8B7DCF-FA5C-40F4-B916-597EFA71F1D6}.Release|Any CPU.Build.0 = Release|Any CPU
		{296C138F-B7B1-48DC-9EF6-58D20C340AAB}.Debug|Any CPU.ActiveCfg = Debug|Any CPU
		{296C138F-B7B1-48DC-9EF6-58D20C340AAB}.Debug|Any CPU.Build.0 = Debug|Any CPU
		{296C138F-B7B1-48DC-9EF6-58D20C340AAB}.Release|Any CPU.ActiveCfg = Release|Any CPU
		{296C138F-B7B1-48DC-9EF6-58D20C340AAB}.Release|Any CPU.Build.0 = Release|Any CPU
	EndGlobalSection
	GlobalSection(SolutionProperties) = preSolution
		HideSolutionNode = FALSE
	EndGlobalSection
	GlobalSection(ExtensibilityGlobals) = postSolution
		SolutionGuid = {C65FDA84-0202-4098-B222-4125685D28CF}
	EndGlobalSection
EndGlobal
